// !$*UTF8*$!
{
	archiveVersion = 1;
	classes = {
	};
	objectVersion = 46;
	objects = {

/* Begin PBXBuildFile section */
		3700489D1B6D5798006F08F7 /* background_crop_image.jpg in Resources */ = {isa = PBXBuildFile; fileRef = 3700489C1B6D5798006F08F7 /* background_crop_image.jpg */; };
		370048A11B6D9847006F08F7 /* welcome_page_final.jpg in Resources */ = {isa = PBXBuildFile; fileRef = 370048A01B6D9847006F08F7 /* welcome_page_final.jpg */; };
		370048A31B6D98A6006F08F7 /* camera.png in Resources */ = {isa = PBXBuildFile; fileRef = 370048A21B6D98A6006F08F7 /* camera.png */; };
		370048A51B6D98B1006F08F7 /* flickr.png in Resources */ = {isa = PBXBuildFile; fileRef = 370048A41B6D98B1006F08F7 /* flickr.png */; };
		370048A71B6D98C0006F08F7 /* gallery.png in Resources */ = {isa = PBXBuildFile; fileRef = 370048A61B6D98C0006F08F7 /* gallery.png */; };
		370048A91B6D9E33006F08F7 /* posterize.png in Resources */ = {isa = PBXBuildFile; fileRef = 370048A81B6D9E33006F08F7 /* posterize.png */; };
		3704058E1B6F1BD100B54A25 /* Social.framework in Frameworks */ = {isa = PBXBuildFile; fileRef = 3704058D1B6F1BD100B54A25 /* Social.framework */; };
		370405901B6F27E100B54A25 /* twitter.png in Resources */ = {isa = PBXBuildFile; fileRef = 3704058F1B6F27E100B54A25 /* twitter.png */; };
		370405921B6F284700B54A25 /* facebook.png in Resources */ = {isa = PBXBuildFile; fileRef = 370405911B6F284700B54A25 /* facebook.png */; };
		379BF6351B6C1DAE003180B7 /* PrintFinalPosterViewController.m in Sources */ = {isa = PBXBuildFile; fileRef = 379BF6341B6C1DAE003180B7 /* PrintFinalPosterViewController.m */; };
		37B7A76D1B69CE82006C2070 /* UserInputViewController.m in Sources */ = {isa = PBXBuildFile; fileRef = 37B7A76C1B69CE82006C2070 /* UserInputViewController.m */; };
		6B85BF2719F74EA400B7F16A /* FXBlurView.m in Sources */ = {isa = PBXBuildFile; fileRef = 6B85BF2619F74EA400B7F16A /* FXBlurView.m */; };
		6B85BF2919F74EB400B7F16A /* Accelerate.framework in Frameworks */ = {isa = PBXBuildFile; fileRef = 6B85BF2819F74EB400B7F16A /* Accelerate.framework */; };
		6B85BF2B19F74EB800B7F16A /* QuartzCore.framework in Frameworks */ = {isa = PBXBuildFile; fileRef = 6B85BF2A19F74EB800B7F16A /* QuartzCore.framework */; };
		9343B5AE1B6B27D900CEDA36 /* PosterController.m in Sources */ = {isa = PBXBuildFile; fileRef = 9343B5AD1B6B27D900CEDA36 /* PosterController.m */; };
		9343B5B01B6D357F00CEDA36 /* background.jpg in Resources */ = {isa = PBXBuildFile; fileRef = 9343B5AF1B6D357F00CEDA36 /* background.jpg */; };
		9343B5B21B6D36A000CEDA36 /* camera_fade.png in Resources */ = {isa = PBXBuildFile; fileRef = 9343B5B11B6D36A000CEDA36 /* camera_fade.png */; };
		93B115F31B6D3A3A00FA0831 /* forward_arrow.png in Resources */ = {isa = PBXBuildFile; fileRef = 93B115F21B6D3A3A00FA0831 /* forward_arrow.png */; };
		93B115F51B6D3A5900FA0831 /* backward_arrow.png in Resources */ = {isa = PBXBuildFile; fileRef = 93B115F41B6D3A5900FA0831 /* backward_arrow.png */; };
		93B115F81B6DF29600FA0831 /* FlickrViewController.m in Sources */ = {isa = PBXBuildFile; fileRef = 93B115F71B6DF29600FA0831 /* FlickrViewController.m */; };
		93B115FC1B6EC2D000FA0831 /* DisplayFinalPDFViewController.m in Sources */ = {isa = PBXBuildFile; fileRef = 93B115FB1B6EC2D000FA0831 /* DisplayFinalPDFViewController.m */; };
		93B115FE1B70226E00FA0831 /* ruler.jpg in Resources */ = {isa = PBXBuildFile; fileRef = 93B115FD1B70226E00FA0831 /* ruler.jpg */; };
		93B116051B7023A400FA0831 /* RulerController.h in Headers */ = {isa = PBXBuildFile; fileRef = 93B116031B7023A400FA0831 /* RulerController.h */; };
		93B116061B7023A400FA0831 /* RulerController.m in Sources */ = {isa = PBXBuildFile; fileRef = 93B116041B7023A400FA0831 /* RulerController.m */; };
		93B116091B70257200FA0831 /* InstructionsController.h in Headers */ = {isa = PBXBuildFile; fileRef = 93B116071B70257200FA0831 /* InstructionsController.h */; };
		93B1160A1B70257200FA0831 /* InstructionsController.m in Sources */ = {isa = PBXBuildFile; fileRef = 93B116081B70257200FA0831 /* InstructionsController.m */; };
		93B1160E1B70353100FA0831 /* Images.xcassets in Resources */ = {isa = PBXBuildFile; fileRef = 93B1160D1B70353100FA0831 /* Images.xcassets */; };
		93B116101B70399300FA0831 /* ios in Resources */ = {isa = PBXBuildFile; fileRef = 93B1160F1B70399300FA0831 /* ios */; };
		96CFD13F168D308D00BAEEE6 /* UIKit.framework in Frameworks */ = {isa = PBXBuildFile; fileRef = 96CFD13E168D308D00BAEEE6 /* UIKit.framework */; };
		96CFD141168D308D00BAEEE6 /* Foundation.framework in Frameworks */ = {isa = PBXBuildFile; fileRef = 96CFD140168D308D00BAEEE6 /* Foundation.framework */; };
		96CFD143168D308D00BAEEE6 /* CoreGraphics.framework in Frameworks */ = {isa = PBXBuildFile; fileRef = 96CFD142168D308D00BAEEE6 /* CoreGraphics.framework */; };
		96CFD149168D308D00BAEEE6 /* InfoPlist.strings in Resources */ = {isa = PBXBuildFile; fileRef = 96CFD147168D308D00BAEEE6 /* InfoPlist.strings */; };
		96CFD14B168D308D00BAEEE6 /* main.m in Sources */ = {isa = PBXBuildFile; fileRef = 96CFD14A168D308D00BAEEE6 /* main.m */; };
		96CFD14F168D308D00BAEEE6 /* AppDelegate.m in Sources */ = {isa = PBXBuildFile; fileRef = 96CFD14E168D308D00BAEEE6 /* AppDelegate.m */; };
		96CFD151168D308D00BAEEE6 /* Default.png in Resources */ = {isa = PBXBuildFile; fileRef = 96CFD150168D308D00BAEEE6 /* Default.png */; };
		96CFD153168D308D00BAEEE6 /* Default@2x.png in Resources */ = {isa = PBXBuildFile; fileRef = 96CFD152168D308D00BAEEE6 /* Default@2x.png */; };
		96CFD155168D308D00BAEEE6 /* Default-568h@2x.png in Resources */ = {isa = PBXBuildFile; fileRef = 96CFD154168D308D00BAEEE6 /* Default-568h@2x.png */; };
		96CFD158168D308D00BAEEE6 /* ViewController.m in Sources */ = {isa = PBXBuildFile; fileRef = 96CFD157168D308D00BAEEE6 /* ViewController.m */; };
		96CFD163168D309800BAEEE6 /* ImageCropView.m in Sources */ = {isa = PBXBuildFile; fileRef = 96CFD162168D309800BAEEE6 /* ImageCropView.m */; };
		C2555BA31B6F1C3200C235EB /* MySupplementaryView.m in Sources */ = {isa = PBXBuildFile; fileRef = C2555BA21B6F1C3200C235EB /* MySupplementaryView.m */; };
		C29EA7DC1B6D97EF001585C8 /* CameraRuler.m in Sources */ = {isa = PBXBuildFile; fileRef = C29EA7DB1B6D97EF001585C8 /* CameraRuler.m */; };
		C2AA0C811B69C85A006B3D71 /* EffectsView.m in Sources */ = {isa = PBXBuildFile; fileRef = C2AA0C801B69C85A006B3D71 /* EffectsView.m */; };
		C2AA0C931B69D3DB006B3D71 /* UIImage+Filtrr.m in Sources */ = {isa = PBXBuildFile; fileRef = C2AA0C8E1B69D3DB006B3D71 /* UIImage+Filtrr.m */; };
		C2AA0C941B69D3DB006B3D71 /* UIImage+FiltrrCompositions.m in Sources */ = {isa = PBXBuildFile; fileRef = C2AA0C911B69D3DB006B3D71 /* UIImage+FiltrrCompositions.m */; };
		C2AA0C951B69D3DB006B3D71 /* UIImage+Scale.m in Sources */ = {isa = PBXBuildFile; fileRef = C2AA0C921B69D3DB006B3D71 /* UIImage+Scale.m */; };
		CE786DB61910477500800637 /* Main.storyboard in Resources */ = {isa = PBXBuildFile; fileRef = CE786DB51910477500800637 /* Main.storyboard */; };
/* End PBXBuildFile section */

/* Begin PBXFileReference section */
		3700489C1B6D5798006F08F7 /* background_crop_image.jpg */ = {isa = PBXFileReference; lastKnownFileType = image.jpeg; path = background_crop_image.jpg; sourceTree = "<group>"; };
		370048A01B6D9847006F08F7 /* welcome_page_final.jpg */ = {isa = PBXFileReference; lastKnownFileType = image.jpeg; path = welcome_page_final.jpg; sourceTree = "<group>"; };
		370048A21B6D98A6006F08F7 /* camera.png */ = {isa = PBXFileReference; lastKnownFileType = image.png; path = camera.png; sourceTree = "<group>"; };
		370048A41B6D98B1006F08F7 /* flickr.png */ = {isa = PBXFileReference; lastKnownFileType = image.png; path = flickr.png; sourceTree = "<group>"; };
		370048A61B6D98C0006F08F7 /* gallery.png */ = {isa = PBXFileReference; lastKnownFileType = image.png; path = gallery.png; sourceTree = "<group>"; };
		370048A81B6D9E33006F08F7 /* posterize.png */ = {isa = PBXFileReference; lastKnownFileType = image.png; path = posterize.png; sourceTree = "<group>"; };
		3704058D1B6F1BD100B54A25 /* Social.framework */ = {isa = PBXFileReference; lastKnownFileType = wrapper.framework; name = Social.framework; path = System/Library/Frameworks/Social.framework; sourceTree = SDKROOT; };
		3704058F1B6F27E100B54A25 /* twitter.png */ = {isa = PBXFileReference; lastKnownFileType = image.png; path = twitter.png; sourceTree = "<group>"; };
		370405911B6F284700B54A25 /* facebook.png */ = {isa = PBXFileReference; lastKnownFileType = image.png; path = facebook.png; sourceTree = "<group>"; };
		379BF6331B6C1DAE003180B7 /* PrintFinalPosterViewController.h */ = {isa = PBXFileReference; fileEncoding = 4; lastKnownFileType = sourcecode.c.h; path = PrintFinalPosterViewController.h; sourceTree = "<group>"; };
		379BF6341B6C1DAE003180B7 /* PrintFinalPosterViewController.m */ = {isa = PBXFileReference; fileEncoding = 4; lastKnownFileType = sourcecode.c.objc; path = PrintFinalPosterViewController.m; sourceTree = "<group>"; };
		37B7A76B1B69CE82006C2070 /* UserInputViewController.h */ = {isa = PBXFileReference; fileEncoding = 4; lastKnownFileType = sourcecode.c.h; path = UserInputViewController.h; sourceTree = "<group>"; };
		37B7A76C1B69CE82006C2070 /* UserInputViewController.m */ = {isa = PBXFileReference; fileEncoding = 4; lastKnownFileType = sourcecode.c.objc; path = UserInputViewController.m; sourceTree = "<group>"; };
		6B85BF2519F74EA400B7F16A /* FXBlurView.h */ = {isa = PBXFileReference; fileEncoding = 4; lastKnownFileType = sourcecode.c.h; path = FXBlurView.h; sourceTree = "<group>"; };
		6B85BF2619F74EA400B7F16A /* FXBlurView.m */ = {isa = PBXFileReference; fileEncoding = 4; lastKnownFileType = sourcecode.c.objc; path = FXBlurView.m; sourceTree = "<group>"; };
		6B85BF2819F74EB400B7F16A /* Accelerate.framework */ = {isa = PBXFileReference; lastKnownFileType = wrapper.framework; name = Accelerate.framework; path = System/Library/Frameworks/Accelerate.framework; sourceTree = SDKROOT; };
		6B85BF2A19F74EB800B7F16A /* QuartzCore.framework */ = {isa = PBXFileReference; lastKnownFileType = wrapper.framework; name = QuartzCore.framework; path = System/Library/Frameworks/QuartzCore.framework; sourceTree = SDKROOT; };
		9343B5AC1B6B27C400CEDA36 /* PosterController.h */ = {isa = PBXFileReference; lastKnownFileType = sourcecode.c.h; path = PosterController.h; sourceTree = "<group>"; };
		9343B5AD1B6B27D900CEDA36 /* PosterController.m */ = {isa = PBXFileReference; fileEncoding = 4; lastKnownFileType = sourcecode.c.objc; path = PosterController.m; sourceTree = "<group>"; };
		9343B5AF1B6D357F00CEDA36 /* background.jpg */ = {isa = PBXFileReference; lastKnownFileType = image.jpeg; path = background.jpg; sourceTree = "<group>"; };
		9343B5B11B6D36A000CEDA36 /* camera_fade.png */ = {isa = PBXFileReference; lastKnownFileType = image.png; path = camera_fade.png; sourceTree = "<group>"; };
		93B115F21B6D3A3A00FA0831 /* forward_arrow.png */ = {isa = PBXFileReference; lastKnownFileType = image.png; path = forward_arrow.png; sourceTree = "<group>"; };
		93B115F41B6D3A5900FA0831 /* backward_arrow.png */ = {isa = PBXFileReference; lastKnownFileType = image.png; path = backward_arrow.png; sourceTree = "<group>"; };
		93B115F61B6DF29600FA0831 /* FlickrViewController.h */ = {isa = PBXFileReference; fileEncoding = 4; lastKnownFileType = sourcecode.c.h; path = FlickrViewController.h; sourceTree = "<group>"; };
		93B115F71B6DF29600FA0831 /* FlickrViewController.m */ = {isa = PBXFileReference; fileEncoding = 4; lastKnownFileType = sourcecode.c.objc; path = FlickrViewController.m; sourceTree = "<group>"; };
		93B115F91B6DFB5600FA0831 /* SampleAPIKey.h */ = {isa = PBXFileReference; lastKnownFileType = sourcecode.c.h; path = SampleAPIKey.h; sourceTree = "<group>"; };
		93B115FA1B6EC2D000FA0831 /* DisplayFinalPDFViewController.h */ = {isa = PBXFileReference; fileEncoding = 4; lastKnownFileType = sourcecode.c.h; path = DisplayFinalPDFViewController.h; sourceTree = "<group>"; };
		93B115FB1B6EC2D000FA0831 /* DisplayFinalPDFViewController.m */ = {isa = PBXFileReference; fileEncoding = 4; lastKnownFileType = sourcecode.c.objc; path = DisplayFinalPDFViewController.m; sourceTree = "<group>"; };
		93B115FD1B70226E00FA0831 /* ruler.jpg */ = {isa = PBXFileReference; lastKnownFileType = image.jpeg; path = ruler.jpg; sourceTree = "<group>"; };
		93B116031B7023A400FA0831 /* RulerController.h */ = {isa = PBXFileReference; fileEncoding = 4; lastKnownFileType = sourcecode.c.h; path = RulerController.h; sourceTree = "<group>"; };
		93B116041B7023A400FA0831 /* RulerController.m */ = {isa = PBXFileReference; fileEncoding = 4; lastKnownFileType = sourcecode.c.objc; path = RulerController.m; sourceTree = "<group>"; };
		93B116071B70257200FA0831 /* InstructionsController.h */ = {isa = PBXFileReference; fileEncoding = 4; lastKnownFileType = sourcecode.c.h; path = InstructionsController.h; sourceTree = "<group>"; };
		93B116081B70257200FA0831 /* InstructionsController.m */ = {isa = PBXFileReference; fileEncoding = 4; lastKnownFileType = sourcecode.c.objc; path = InstructionsController.m; sourceTree = "<group>"; };
		93B1160D1B70353100FA0831 /* Images.xcassets */ = {isa = PBXFileReference; lastKnownFileType = folder.assetcatalog; path = Images.xcassets; sourceTree = "<group>"; };
		93B1160F1B70399300FA0831 /* ios */ = {isa = PBXFileReference; lastKnownFileType = folder; path = ios; sourceTree = "<group>"; };
		96CFD13A168D308D00BAEEE6 /* ImageCropView.app */ = {isa = PBXFileReference; explicitFileType = wrapper.application; includeInIndex = 0; path = ImageCropView.app; sourceTree = BUILT_PRODUCTS_DIR; };
		96CFD13E168D308D00BAEEE6 /* UIKit.framework */ = {isa = PBXFileReference; lastKnownFileType = wrapper.framework; name = UIKit.framework; path = System/Library/Frameworks/UIKit.framework; sourceTree = SDKROOT; };
		96CFD140168D308D00BAEEE6 /* Foundation.framework */ = {isa = PBXFileReference; lastKnownFileType = wrapper.framework; name = Foundation.framework; path = System/Library/Frameworks/Foundation.framework; sourceTree = SDKROOT; };
		96CFD142168D308D00BAEEE6 /* CoreGraphics.framework */ = {isa = PBXFileReference; lastKnownFileType = wrapper.framework; name = CoreGraphics.framework; path = System/Library/Frameworks/CoreGraphics.framework; sourceTree = SDKROOT; };
		96CFD146168D308D00BAEEE6 /* ImageCropView-Info.plist */ = {isa = PBXFileReference; lastKnownFileType = text.plist.xml; path = "ImageCropView-Info.plist"; sourceTree = "<group>"; };
		96CFD148168D308D00BAEEE6 /* en */ = {isa = PBXFileReference; lastKnownFileType = text.plist.strings; name = en; path = en.lproj/InfoPlist.strings; sourceTree = "<group>"; };
		96CFD14A168D308D00BAEEE6 /* main.m */ = {isa = PBXFileReference; lastKnownFileType = sourcecode.c.objc; path = main.m; sourceTree = "<group>"; };
		96CFD14C168D308D00BAEEE6 /* ImageCropView-Prefix.pch */ = {isa = PBXFileReference; lastKnownFileType = sourcecode.c.h; path = "ImageCropView-Prefix.pch"; sourceTree = "<group>"; };
		96CFD14D168D308D00BAEEE6 /* AppDelegate.h */ = {isa = PBXFileReference; lastKnownFileType = sourcecode.c.h; path = AppDelegate.h; sourceTree = "<group>"; };
		96CFD14E168D308D00BAEEE6 /* AppDelegate.m */ = {isa = PBXFileReference; lastKnownFileType = sourcecode.c.objc; path = AppDelegate.m; sourceTree = "<group>"; };
		96CFD150168D308D00BAEEE6 /* Default.png */ = {isa = PBXFileReference; lastKnownFileType = image.png; path = Default.png; sourceTree = "<group>"; };
		96CFD152168D308D00BAEEE6 /* Default@2x.png */ = {isa = PBXFileReference; lastKnownFileType = image.png; path = "Default@2x.png"; sourceTree = "<group>"; };
		96CFD154168D308D00BAEEE6 /* Default-568h@2x.png */ = {isa = PBXFileReference; lastKnownFileType = image.png; path = "Default-568h@2x.png"; sourceTree = "<group>"; };
		96CFD156168D308D00BAEEE6 /* ViewController.h */ = {isa = PBXFileReference; lastKnownFileType = sourcecode.c.h; path = ViewController.h; sourceTree = "<group>"; };
		96CFD157168D308D00BAEEE6 /* ViewController.m */ = {isa = PBXFileReference; lastKnownFileType = sourcecode.c.objc; path = ViewController.m; sourceTree = "<group>"; };
		96CFD161168D309800BAEEE6 /* ImageCropView.h */ = {isa = PBXFileReference; fileEncoding = 4; lastKnownFileType = sourcecode.c.h; path = ImageCropView.h; sourceTree = "<group>"; };
		96CFD162168D309800BAEEE6 /* ImageCropView.m */ = {isa = PBXFileReference; fileEncoding = 4; lastKnownFileType = sourcecode.c.objc; path = ImageCropView.m; sourceTree = "<group>"; };
		C2555B9F1B6F015400C235EB /* UICollectionViewController_FlickrViewController.h */ = {isa = PBXFileReference; fileEncoding = 4; lastKnownFileType = sourcecode.c.h; path = UICollectionViewController_FlickrViewController.h; sourceTree = "<group>"; };
		C2555BA11B6F1B7000C235EB /* MySupplementaryView.h */ = {isa = PBXFileReference; lastKnownFileType = sourcecode.c.h; path = MySupplementaryView.h; sourceTree = "<group>"; };
		C2555BA21B6F1C3200C235EB /* MySupplementaryView.m */ = {isa = PBXFileReference; fileEncoding = 4; lastKnownFileType = sourcecode.c.objc; path = MySupplementaryView.m; sourceTree = "<group>"; };
		C29EA7DA1B6D97DB001585C8 /* CameraRuler.h */ = {isa = PBXFileReference; lastKnownFileType = sourcecode.c.h; path = CameraRuler.h; sourceTree = "<group>"; };
		C29EA7DB1B6D97EF001585C8 /* CameraRuler.m */ = {isa = PBXFileReference; fileEncoding = 4; lastKnownFileType = sourcecode.c.objc; path = CameraRuler.m; sourceTree = "<group>"; };
		C2AA0C7F1B69C847006B3D71 /* EffectsView.h */ = {isa = PBXFileReference; lastKnownFileType = sourcecode.c.h; path = EffectsView.h; sourceTree = "<group>"; };
		C2AA0C801B69C85A006B3D71 /* EffectsView.m */ = {isa = PBXFileReference; fileEncoding = 4; lastKnownFileType = sourcecode.c.objc; path = EffectsView.m; sourceTree = "<group>"; };
		C2AA0C8D1B69D3DB006B3D71 /* UIImage+Filtrr.h */ = {isa = PBXFileReference; fileEncoding = 4; lastKnownFileType = sourcecode.c.h; path = "UIImage+Filtrr.h"; sourceTree = "<group>"; };
		C2AA0C8E1B69D3DB006B3D71 /* UIImage+Filtrr.m */ = {isa = PBXFileReference; fileEncoding = 4; lastKnownFileType = sourcecode.c.objc; path = "UIImage+Filtrr.m"; sourceTree = "<group>"; };
		C2AA0C8F1B69D3DB006B3D71 /* UIImage+Scale.h */ = {isa = PBXFileReference; fileEncoding = 4; lastKnownFileType = sourcecode.c.h; path = "UIImage+Scale.h"; sourceTree = "<group>"; };
		C2AA0C901B69D3DB006B3D71 /* UIImage+FiltrrCompositions.h */ = {isa = PBXFileReference; fileEncoding = 4; lastKnownFileType = sourcecode.c.h; path = "UIImage+FiltrrCompositions.h"; sourceTree = "<group>"; };
		C2AA0C911B69D3DB006B3D71 /* UIImage+FiltrrCompositions.m */ = {isa = PBXFileReference; fileEncoding = 4; lastKnownFileType = sourcecode.c.objc; path = "UIImage+FiltrrCompositions.m"; sourceTree = "<group>"; };
		C2AA0C921B69D3DB006B3D71 /* UIImage+Scale.m */ = {isa = PBXFileReference; fileEncoding = 4; lastKnownFileType = sourcecode.c.objc; path = "UIImage+Scale.m"; sourceTree = "<group>"; };
		CE786DB51910477500800637 /* Main.storyboard */ = {isa = PBXFileReference; fileEncoding = 4; lastKnownFileType = file.storyboard; path = Main.storyboard; sourceTree = "<group>"; };
/* End PBXFileReference section */

/* Begin PBXFrameworksBuildPhase section */
		96CFD137168D308D00BAEEE6 /* Frameworks */ = {
			isa = PBXFrameworksBuildPhase;
			buildActionMask = 2147483647;
			files = (
				3704058E1B6F1BD100B54A25 /* Social.framework in Frameworks */,
				6B85BF2B19F74EB800B7F16A /* QuartzCore.framework in Frameworks */,
				6B85BF2919F74EB400B7F16A /* Accelerate.framework in Frameworks */,
				96CFD13F168D308D00BAEEE6 /* UIKit.framework in Frameworks */,
				96CFD141168D308D00BAEEE6 /* Foundation.framework in Frameworks */,
				96CFD143168D308D00BAEEE6 /* CoreGraphics.framework in Frameworks */,
			);
			runOnlyForDeploymentPostprocessing = 0;
		};
/* End PBXFrameworksBuildPhase section */

/* Begin PBXGroup section */
		0F576964DE2DFC0208D277FE /* Pods */ = {
			isa = PBXGroup;
			children = (
			);
			name = Pods;
			sourceTree = "<group>";
		};
		6B85BF2419F74EA400B7F16A /* FXBlurView */ = {
			isa = PBXGroup;
			children = (
				6B85BF2519F74EA400B7F16A /* FXBlurView.h */,
				6B85BF2619F74EA400B7F16A /* FXBlurView.m */,
			);
			path = FXBlurView;
			sourceTree = "<group>";
		};
		96CFD12F168D308D00BAEEE6 = {
			isa = PBXGroup;
			children = (
				C2AA0C8C1B69D3DB006B3D71 /* Filtrr */,
				96CFD166168D458A00BAEEE6 /* Demo */,
				96CFD144168D308D00BAEEE6 /* ImageCropView */,
				96CFD13D168D308D00BAEEE6 /* Frameworks */,
				96CFD13B168D308D00BAEEE6 /* Products */,
				0F576964DE2DFC0208D277FE /* Pods */,
			);
			sourceTree = "<group>";
		};
		96CFD13B168D308D00BAEEE6 /* Products */ = {
			isa = PBXGroup;
			children = (
				96CFD13A168D308D00BAEEE6 /* ImageCropView.app */,
			);
			name = Products;
			sourceTree = "<group>";
		};
		96CFD13D168D308D00BAEEE6 /* Frameworks */ = {
			isa = PBXGroup;
			children = (
				3704058D1B6F1BD100B54A25 /* Social.framework */,
				6B85BF2A19F74EB800B7F16A /* QuartzCore.framework */,
				6B85BF2819F74EB400B7F16A /* Accelerate.framework */,
				96CFD13E168D308D00BAEEE6 /* UIKit.framework */,
				96CFD140168D308D00BAEEE6 /* Foundation.framework */,
				96CFD142168D308D00BAEEE6 /* CoreGraphics.framework */,
			);
			name = Frameworks;
			sourceTree = "<group>";
		};
		96CFD144168D308D00BAEEE6 /* ImageCropView */ = {
			isa = PBXGroup;
			children = (
				96CFD162168D309800BAEEE6 /* ImageCropView.m */,
				96CFD161168D309800BAEEE6 /* ImageCropView.h */,
				93B1160D1B70353100FA0831 /* Images.xcassets */,
			);
			path = ImageCropView;
			sourceTree = "<group>";
		};
		96CFD145168D308D00BAEEE6 /* Supporting Files */ = {
			isa = PBXGroup;
			children = (
				96CFD146168D308D00BAEEE6 /* ImageCropView-Info.plist */,
				96CFD147168D308D00BAEEE6 /* InfoPlist.strings */,
				96CFD14A168D308D00BAEEE6 /* main.m */,
				96CFD14C168D308D00BAEEE6 /* ImageCropView-Prefix.pch */,
				96CFD150168D308D00BAEEE6 /* Default.png */,
				96CFD152168D308D00BAEEE6 /* Default@2x.png */,
				96CFD154168D308D00BAEEE6 /* Default-568h@2x.png */,
			);
			name = "Supporting Files";
			sourceTree = "<group>";
		};
		96CFD166168D458A00BAEEE6 /* Demo */ = {
			isa = PBXGroup;
			children = (
				C2AA0C7E1B69C81B006B3D71 /* EffectsView */,
				6B85BF2419F74EA400B7F16A /* FXBlurView */,
				96CFD145168D308D00BAEEE6 /* Supporting Files */,
				96CFD14D168D308D00BAEEE6 /* AppDelegate.h */,
				96CFD14E168D308D00BAEEE6 /* AppDelegate.m */,
				9343B5AC1B6B27C400CEDA36 /* PosterController.h */,
				C29EA7DA1B6D97DB001585C8 /* CameraRuler.h */,
				C2555BA21B6F1C3200C235EB /* MySupplementaryView.m */,
				C2555B9F1B6F015400C235EB /* UICollectionViewController_FlickrViewController.h */,
				93B115F61B6DF29600FA0831 /* FlickrViewController.h */,
				93B115F71B6DF29600FA0831 /* FlickrViewController.m */,
				C29EA7DB1B6D97EF001585C8 /* CameraRuler.m */,
				C2555BA11B6F1B7000C235EB /* MySupplementaryView.h */,
				9343B5AD1B6B27D900CEDA36 /* PosterController.m */,
				93B115FA1B6EC2D000FA0831 /* DisplayFinalPDFViewController.h */,
				93B115FB1B6EC2D000FA0831 /* DisplayFinalPDFViewController.m */,
				CE786DB51910477500800637 /* Main.storyboard */,
				37B7A76B1B69CE82006C2070 /* UserInputViewController.h */,
				37B7A76C1B69CE82006C2070 /* UserInputViewController.m */,
				379BF6331B6C1DAE003180B7 /* PrintFinalPosterViewController.h */,
				93B115F91B6DFB5600FA0831 /* SampleAPIKey.h */,
				379BF6341B6C1DAE003180B7 /* PrintFinalPosterViewController.m */,
				96CFD156168D308D00BAEEE6 /* ViewController.h */,
				96CFD157168D308D00BAEEE6 /* ViewController.m */,
				93B116031B7023A400FA0831 /* RulerController.h */,
				93B116041B7023A400FA0831 /* RulerController.m */,
				93B116071B70257200FA0831 /* InstructionsController.h */,
				93B116081B70257200FA0831 /* InstructionsController.m */,
			);
			name = Demo;
			path = ImageCropView;
			sourceTree = "<group>";
		};
		C2AA0C7E1B69C81B006B3D71 /* EffectsView */ = {
			isa = PBXGroup;
			children = (
				93B1160F1B70399300FA0831 /* ios */,
				93B115FD1B70226E00FA0831 /* ruler.jpg */,
				3704058F1B6F27E100B54A25 /* twitter.png */,
				370405911B6F284700B54A25 /* facebook.png */,
				370048A01B6D9847006F08F7 /* welcome_page_final.jpg */,
				370048A81B6D9E33006F08F7 /* posterize.png */,
				3700489C1B6D5798006F08F7 /* background_crop_image.jpg */,
				93B115F41B6D3A5900FA0831 /* backward_arrow.png */,
				370048A41B6D98B1006F08F7 /* flickr.png */,
				370048A21B6D98A6006F08F7 /* camera.png */,
				370048A61B6D98C0006F08F7 /* gallery.png */,
				93B115F21B6D3A3A00FA0831 /* forward_arrow.png */,
				9343B5B11B6D36A000CEDA36 /* camera_fade.png */,
				9343B5AF1B6D357F00CEDA36 /* background.jpg */,
				C2AA0C7F1B69C847006B3D71 /* EffectsView.h */,
				C2AA0C801B69C85A006B3D71 /* EffectsView.m */,
			);
			name = EffectsView;
			sourceTree = "<group>";
		};
		C2AA0C8C1B69D3DB006B3D71 /* Filtrr */ = {
			isa = PBXGroup;
			children = (
				C2AA0C8D1B69D3DB006B3D71 /* UIImage+Filtrr.h */,
				C2AA0C8E1B69D3DB006B3D71 /* UIImage+Filtrr.m */,
				C2AA0C8F1B69D3DB006B3D71 /* UIImage+Scale.h */,
				C2AA0C901B69D3DB006B3D71 /* UIImage+FiltrrCompositions.h */,
				C2AA0C911B69D3DB006B3D71 /* UIImage+FiltrrCompositions.m */,
				C2AA0C921B69D3DB006B3D71 /* UIImage+Scale.m */,
			);
			path = Filtrr;
			sourceTree = "<group>";
		};
/* End PBXGroup section */

/* Begin PBXHeadersBuildPhase section */
		3704058C1B6F1B6800B54A25 /* Headers */ = {
			isa = PBXHeadersBuildPhase;
			buildActionMask = 2147483647;
			files = (
				93B116051B7023A400FA0831 /* RulerController.h in Headers */,
				93B116091B70257200FA0831 /* InstructionsController.h in Headers */,
			);
			runOnlyForDeploymentPostprocessing = 0;
		};
/* End PBXHeadersBuildPhase section */

/* Begin PBXNativeTarget section */
		96CFD139168D308D00BAEEE6 /* ImageCropView */ = {
			isa = PBXNativeTarget;
			buildConfigurationList = 96CFD15E168D308D00BAEEE6 /* Build configuration list for PBXNativeTarget "ImageCropView" */;
			buildPhases = (
				96CFD136168D308D00BAEEE6 /* Sources */,
				96CFD137168D308D00BAEEE6 /* Frameworks */,
				96CFD138168D308D00BAEEE6 /* Resources */,
				3704058C1B6F1B6800B54A25 /* Headers */,
			);
			buildRules = (
			);
			dependencies = (
			);
			name = ImageCropView;
			productName = ImageCropView;
			productReference = 96CFD13A168D308D00BAEEE6 /* ImageCropView.app */;
			productType = "com.apple.product-type.application";
		};
/* End PBXNativeTarget section */

/* Begin PBXProject section */
		96CFD131168D308D00BAEEE6 /* Project object */ = {
			isa = PBXProject;
			attributes = {
				LastUpgradeCheck = 0450;
			};
			buildConfigurationList = 96CFD134168D308D00BAEEE6 /* Build configuration list for PBXProject "ImageCropView" */;
			compatibilityVersion = "Xcode 3.2";
			developmentRegion = English;
			hasScannedForEncodings = 0;
			knownRegions = (
				en,
			);
			mainGroup = 96CFD12F168D308D00BAEEE6;
			productRefGroup = 96CFD13B168D308D00BAEEE6 /* Products */;
			projectDirPath = "";
			projectRoot = "";
			targets = (
				96CFD139168D308D00BAEEE6 /* ImageCropView */,
			);
		};
/* End PBXProject section */

/* Begin PBXResourcesBuildPhase section */
		96CFD138168D308D00BAEEE6 /* Resources */ = {
			isa = PBXResourcesBuildPhase;
			buildActionMask = 2147483647;
			files = (
				96CFD149168D308D00BAEEE6 /* InfoPlist.strings in Resources */,
				93B1160E1B70353100FA0831 /* Images.xcassets in Resources */,
				370405901B6F27E100B54A25 /* twitter.png in Resources */,
				9343B5B21B6D36A000CEDA36 /* camera_fade.png in Resources */,
				93B115F51B6D3A5900FA0831 /* backward_arrow.png in Resources */,
				9343B5B01B6D357F00CEDA36 /* background.jpg in Resources */,
				370405921B6F284700B54A25 /* facebook.png in Resources */,
				93B115F31B6D3A3A00FA0831 /* forward_arrow.png in Resources */,
				CE786DB61910477500800637 /* Main.storyboard in Resources */,
				370048A91B6D9E33006F08F7 /* posterize.png in Resources */,
				370048A71B6D98C0006F08F7 /* gallery.png in Resources */,
				96CFD151168D308D00BAEEE6 /* Default.png in Resources */,
				96CFD153168D308D00BAEEE6 /* Default@2x.png in Resources */,
				93B115FE1B70226E00FA0831 /* ruler.jpg in Resources */,
				93B116101B70399300FA0831 /* ios in Resources */,
				370048A51B6D98B1006F08F7 /* flickr.png in Resources */,
				370048A11B6D9847006F08F7 /* welcome_page_final.jpg in Resources */,
				96CFD155168D308D00BAEEE6 /* Default-568h@2x.png in Resources */,
				370048A31B6D98A6006F08F7 /* camera.png in Resources */,
				3700489D1B6D5798006F08F7 /* background_crop_image.jpg in Resources */,
			);
			runOnlyForDeploymentPostprocessing = 0;
		};
/* End PBXResourcesBuildPhase section */

/* Begin PBXSourcesBuildPhase section */
		96CFD136168D308D00BAEEE6 /* Sources */ = {
			isa = PBXSourcesBuildPhase;
			buildActionMask = 2147483647;
			files = (
				379BF6351B6C1DAE003180B7 /* PrintFinalPosterViewController.m in Sources */,
				C29EA7DC1B6D97EF001585C8 /* CameraRuler.m in Sources */,
				96CFD14B168D308D00BAEEE6 /* main.m in Sources */,
				C2AA0C931B69D3DB006B3D71 /* UIImage+Filtrr.m in Sources */,
				93B1160A1B70257200FA0831 /* InstructionsController.m in Sources */,
				C2AA0C811B69C85A006B3D71 /* EffectsView.m in Sources */,
				96CFD14F168D308D00BAEEE6 /* AppDelegate.m in Sources */,
				C2AA0C951B69D3DB006B3D71 /* UIImage+Scale.m in Sources */,
				93B115F81B6DF29600FA0831 /* FlickrViewController.m in Sources */,
				6B85BF2719F74EA400B7F16A /* FXBlurView.m in Sources */,
				93B116061B7023A400FA0831 /* RulerController.m in Sources */,
				C2AA0C941B69D3DB006B3D71 /* UIImage+FiltrrCompositions.m in Sources */,
				C2555BA31B6F1C3200C235EB /* MySupplementaryView.m in Sources */,
				96CFD158168D308D00BAEEE6 /* ViewController.m in Sources */,
				37B7A76D1B69CE82006C2070 /* UserInputViewController.m in Sources */,
				9343B5AE1B6B27D900CEDA36 /* PosterController.m in Sources */,
				93B115FC1B6EC2D000FA0831 /* DisplayFinalPDFViewController.m in Sources */,
				96CFD163168D309800BAEEE6 /* ImageCropView.m in Sources */,
			);
			runOnlyForDeploymentPostprocessing = 0;
		};
/* End PBXSourcesBuildPhase section */

/* Begin PBXVariantGroup section */
		96CFD147168D308D00BAEEE6 /* InfoPlist.strings */ = {
			isa = PBXVariantGroup;
			children = (
				96CFD148168D308D00BAEEE6 /* en */,
			);
			name = InfoPlist.strings;
			sourceTree = "<group>";
		};
/* End PBXVariantGroup section */

/* Begin XCBuildConfiguration section */
		96CFD15C168D308D00BAEEE6 /* Debug */ = {
			isa = XCBuildConfiguration;
			buildSettings = {
				ALWAYS_SEARCH_USER_PATHS = NO;
				CLANG_CXX_LANGUAGE_STANDARD = "gnu++0x";
				CLANG_CXX_LIBRARY = "libc++";
				CLANG_WARN_EMPTY_BODY = YES;
				CLANG_WARN__DUPLICATE_METHOD_MATCH = YES;
				"CODE_SIGN_IDENTITY[sdk=iphoneos*]" = "iPhone Developer";
				COPY_PHASE_STRIP = NO;
				GCC_C_LANGUAGE_STANDARD = gnu99;
				GCC_DYNAMIC_NO_PIC = NO;
				GCC_OPTIMIZATION_LEVEL = 0;
				GCC_PREPROCESSOR_DEFINITIONS = (
					"DEBUG=1",
					"$(inherited)",
				);
				GCC_SYMBOLS_PRIVATE_EXTERN = NO;
				GCC_WARN_ABOUT_RETURN_TYPE = YES;
				GCC_WARN_UNINITIALIZED_AUTOS = YES;
				GCC_WARN_UNUSED_VARIABLE = YES;
				IPHONEOS_DEPLOYMENT_TARGET = 6.0;
				ONLY_ACTIVE_ARCH = YES;
				SDKROOT = iphoneos;
			};
			name = Debug;
		};
		96CFD15D168D308D00BAEEE6 /* Release */ = {
			isa = XCBuildConfiguration;
			buildSettings = {
				ALWAYS_SEARCH_USER_PATHS = NO;
				CLANG_CXX_LANGUAGE_STANDARD = "gnu++0x";
				CLANG_CXX_LIBRARY = "libc++";
				CLANG_WARN_EMPTY_BODY = YES;
				CLANG_WARN__DUPLICATE_METHOD_MATCH = YES;
				"CODE_SIGN_IDENTITY[sdk=iphoneos*]" = "iPhone Developer";
				COPY_PHASE_STRIP = YES;
				GCC_C_LANGUAGE_STANDARD = gnu99;
				GCC_WARN_ABOUT_RETURN_TYPE = YES;
				GCC_WARN_UNINITIALIZED_AUTOS = YES;
				GCC_WARN_UNUSED_VARIABLE = YES;
				IPHONEOS_DEPLOYMENT_TARGET = 6.0;
				OTHER_CFLAGS = "-DNS_BLOCK_ASSERTIONS=1";
				SDKROOT = iphoneos;
				VALIDATE_PRODUCT = YES;
			};
			name = Release;
		};
		96CFD15F168D308D00BAEEE6 /* Debug */ = {
			isa = XCBuildConfiguration;
			buildSettings = {
				ASSETCATALOG_COMPILER_APPICON_NAME = AppIcon;
				ASSETCATALOG_COMPILER_LAUNCHIMAGE_NAME = LaunchImage;
				CLANG_ENABLE_OBJC_ARC = YES;
				GCC_PRECOMPILE_PREFIX_HEADER = YES;
				GCC_PREFIX_HEADER = "ImageCropView/ImageCropView-Prefix.pch";
				INFOPLIST_FILE = "ImageCropView/ImageCropView-Info.plist";
				PRODUCT_NAME = "$(TARGET_NAME)";
				WRAPPER_EXTENSION = app;
			};
			name = Debug;
		};
		96CFD160168D308D00BAEEE6 /* Release */ = {
			isa = XCBuildConfiguration;
			buildSettings = {
				ASSETCATALOG_COMPILER_APPICON_NAME = AppIcon;
				ASSETCATALOG_COMPILER_LAUNCHIMAGE_NAME = LaunchImage;
				CLANG_ENABLE_OBJC_ARC = YES;
				GCC_PRECOMPILE_PREFIX_HEADER = YES;
				GCC_PREFIX_HEADER = "ImageCropView/ImageCropView-Prefix.pch";
				INFOPLIST_FILE = "ImageCropView/ImageCropView-Info.plist";
				PRODUCT_NAME = "$(TARGET_NAME)";
				WRAPPER_EXTENSION = app;
			};
			name = Release;
		};
/* End XCBuildConfiguration section */

/* Begin XCConfigurationList section */
		96CFD134168D308D00BAEEE6 /* Build configuration list for PBXProject "ImageCropView" */ = {
			isa = XCConfigurationList;
			buildConfigurations = (
				96CFD15C168D308D00BAEEE6 /* Debug */,
				96CFD15D168D308D00BAEEE6 /* Release */,
			);
			defaultConfigurationIsVisible = 0;
			defaultConfigurationName = Release;
		};
		96CFD15E168D308D00BAEEE6 /* Build configuration list for PBXNativeTarget "ImageCropView" */ = {
			isa = XCConfigurationList;
			buildConfigurations = (
				96CFD15F168D308D00BAEEE6 /* Debug */,
				96CFD160168D308D00BAEEE6 /* Release */,
			);
			defaultConfigurationIsVisible = 0;
			defaultConfigurationName = Release;
		};
/* End XCConfigurationList section */
	};
	rootObject = 96CFD131168D308D00BAEEE6 /* Project object */;
}
